{
  "name": "esmBuild",
  "version": "1.0.0",
  "lockfileVersion": 3,
  "requires": true,
  "packages": {
    "": {
      "name": "esmBuild",
      "version": "1.0.0",
      "dependencies": {
        "es-module-shims": "1.6.2"
      }
    },
    "node_modules/es-module-shims": {
      "version": "1.6.2",
      "resolved": "https://registry.npmjs.org/es-module-shims/-/es-module-shims-1.6.2.tgz",
      "integrity": "sha512-VISkM/sF/TlQzFY3WlyCXj3Fkv7+L3pErEFmrDHj0URx54EMY9GpSbW3CE04ZqWk6qrC/YsRDBTu9QvU2n0dZw=="
    }
  }
}
